
Microsoft Visual Studio Solution File, Format Version 11.00
# Visual Studio 2010
# SharpDevelop 4.3
Project("{FAE04EC0-301F-11D3-BF4B-00C04F79EFBC}") = "StringIndexOf", "StringIndexOf.csproj", "{551D0119-B9EA-4C9F-B952-2697650D29C2}"
EndProject
Global
	GlobalSection(SolutionConfigurationPlatforms) = preSolution
		Debug|Any CPU = Debug|Any CPU
		Debug|x86 = Debug|x86
		Release|Any CPU = Release|Any CPU
		Release|x86 = Release|x86
	EndGlobalSection
	GlobalSection(ProjectConfigurationPlatforms) = postSolution
		{551D0119-B9EA-4C9F-B952-2697650D29C2}.Debug|Any CPU.Build.0 = Debug|Any CPU
		{551D0119-B9EA-4C9F-B952-2697650D29C2}.Debug|Any CPU.ActiveCfg = Debug|Any CPU
		{551D0119-B9EA-4C9F-B952-2697650D29C2}.Debug|x86.Build.0 = Debug|x86
		{551D0119-B9EA-4C9F-B952-2697650D29C2}.Debug|x86.ActiveCfg = Debug|x86
		{551D0119-B9EA-4C9F-B952-2697650D29C2}.Release|Any CPU.Build.0 = Release|Any CPU
		{551D0119-B9EA-4C9F-B952-2697650D29C2}.Release|Any CPU.ActiveCfg = Release|Any CPU
		{551D0119-B9EA-4C9F-B952-2697650D29C2}.Release|x86.Build.0 = Release|x86
		{551D0119-B9EA-4C9F-B952-2697650D29C2}.Release|x86.ActiveCfg = Release|x86
	EndGlobalSection
EndGlobal
